# THIS IS AN AUTOGENERATED FILE. DO NOT EDIT THIS FILE DIRECTLY.
# yarn lockfile v1


"@aitodotai/json-stringify-pretty-compact@^1.3.0":
  version "1.3.0"
  resolved "https://registry.yarnpkg.com/@aitodotai/json-stringify-pretty-compact/-/json-stringify-pretty-compact-1.3.0.tgz#a3fedb95f356f532d115268df4b156e682242345"
  integrity sha512-K+whdCBlVjzx8zCK2ZUohGJb5bUOxRpiEAfD1NCUgH0mApdDZD9c7VHXJVzWlt3wfV1X4OFyCRmTqbPd6U87lQ==

"@esbuild/android-arm64@0.16.12":
  version "0.16.12"
  resolved "https://registry.yarnpkg.com/@esbuild/android-arm64/-/android-arm64-0.16.12.tgz#86c4fdd7c0d65fe9dcbe138fbe72720658ec3b88"
  integrity sha512-0LacmiIW+X0/LOLMZqYtZ7d4uY9fxYABAYhSSOu+OGQVBqH4N5eIYgkT7bBFnR4Nm3qo6qS3RpHKVrDASqj/uQ==

"@esbuild/android-arm@0.16.12":
  version "0.16.12"
  resolved "https://registry.yarnpkg.com/@esbuild/android-arm/-/android-arm-0.16.12.tgz#15e33bb1c8c2f560fbb27cda227c0fa22d83d0ef"
  integrity sha512-CTWgMJtpCyCltrvipZrrcjjRu+rzm6pf9V8muCsJqtKujR3kPmU4ffbckvugNNaRmhxAF1ZI3J+0FUIFLFg8KA==

"@esbuild/android-x64@0.16.12":
  version "0.16.12"
  resolved "https://registry.yarnpkg.com/@esbuild/android-x64/-/android-x64-0.16.12.tgz#3b0ddaf59fdf94e8e9fcb2aa6537cbab93d5fe22"
  integrity sha512-sS5CR3XBKQXYpSGMM28VuiUnbX83Z+aWPZzClW+OB2JquKqxoiwdqucJ5qvXS8pM6Up3RtJfDnRQZkz3en2z5g==

"@esbuild/darwin-arm64@0.16.12":
  version "0.16.12"
  resolved "https://registry.yarnpkg.com/@esbuild/darwin-arm64/-/darwin-arm64-0.16.12.tgz#ac6c5d85cabf20de5047b55eab7f3c252d9aae71"
  integrity sha512-Dpe5hOAQiQRH20YkFAg+wOpcd4PEuXud+aGgKBQa/VriPJA8zuVlgCOSTwna1CgYl05lf6o5els4dtuyk1qJxQ==

"@esbuild/darwin-x64@0.16.12":
  version "0.16.12"
  resolved "https://registry.yarnpkg.com/@esbuild/darwin-x64/-/darwin-x64-0.16.12.tgz#3433e6432dd474994302bcfe35c5420fae46a206"
  integrity sha512-ApGRA6X5txIcxV0095X4e4KKv87HAEXfuDRcGTniDWUUN+qPia8sl/BqG/0IomytQWajnUn4C7TOwHduk/FXBQ==

"@esbuild/freebsd-arm64@0.16.12":
  version "0.16.12"
  resolved "https://registry.yarnpkg.com/@esbuild/freebsd-arm64/-/freebsd-arm64-0.16.12.tgz#b150587dc54dc2369cb826e6ee9f94fc5ec14635"
  integrity sha512-AMdK2gA9EU83ccXCWS1B/KcWYZCj4P3vDofZZkl/F/sBv/fphi2oUqUTox/g5GMcIxk8CF1CVYTC82+iBSyiUg==

"@esbuild/freebsd-x64@0.16.12":
  version "0.16.12"
  resolved "https://registry.yarnpkg.com/@esbuild/freebsd-x64/-/freebsd-x64-0.16.12.tgz#e682a61cde8d6332aaeb4c2b28fce0d833928903"
  integrity sha512-KUKB9w8G/xaAbD39t6gnRBuhQ8vIYYlxGT2I+mT6UGRnCGRr1+ePFIGBQmf5V16nxylgUuuWVW1zU2ktKkf6WQ==

"@esbuild/linux-arm64@0.16.12":
  version "0.16.12"
  resolved "https://registry.yarnpkg.com/@esbuild/linux-arm64/-/linux-arm64-0.16.12.tgz#d0d75e10796d4f1414ecaf16a8071ce05446cb9f"
  integrity sha512-29HXMLpLklDfmw7T2buGqq3HImSUaZ1ArmrPOMaNiZZQptOSZs32SQtOHEl8xWX5vfdwZqrBfNf8Te4nArVzKQ==

"@esbuild/linux-arm@0.16.12":
  version "0.16.12"
  resolved "https://registry.yarnpkg.com/@esbuild/linux-arm/-/linux-arm-0.16.12.tgz#945ebcd99205fadea5ee22bff624189bd95c0484"
  integrity sha512-vhDdIv6z4eL0FJyNVfdr3C/vdd/Wc6h1683GJsFoJzfKb92dU/v88FhWdigg0i6+3TsbSDeWbsPUXb4dif2abg==

"@esbuild/linux-ia32@0.16.12":
  version "0.16.12"
  resolved "https://registry.yarnpkg.com/@esbuild/linux-ia32/-/linux-ia32-0.16.12.tgz#132e61b2124eee6033bf7f0d5b312c02524d39db"
  integrity sha512-JFDuNDTTfgD1LJg7wHA42o2uAO/9VzHYK0leAVnCQE/FdMB599YMH73ux+nS0xGr79pv/BK+hrmdRin3iLgQjg==

"@esbuild/linux-loong64@0.16.12":
  version "0.16.12"
  resolved "https://registry.yarnpkg.com/@esbuild/linux-loong64/-/linux-loong64-0.16.12.tgz#d27dc1e203c0d0516c1daadb7988f88b643f8ea2"
  integrity sha512-xTGzVPqm6WKfCC0iuj1fryIWr1NWEM8DMhAIo+4rFgUtwy/lfHl+Obvus4oddzRDbBetLLmojfVZGmt/g/g+Rw==

"@esbuild/linux-mips64el@0.16.12":
  version "0.16.12"
  resolved "https://registry.yarnpkg.com/@esbuild/linux-mips64el/-/linux-mips64el-0.16.12.tgz#9616c378ca76f12d06ffaf242da68a58be966a18"
  integrity sha512-zI1cNgHa3Gol+vPYjIYHzKhU6qMyOQrvZ82REr5Fv7rlh5PG6SkkuCoH7IryPqR+BK2c/7oISGsvPJPGnO2bHQ==

"@esbuild/linux-ppc64@0.16.12":
  version "0.16.12"
  resolved "https://registry.yarnpkg.com/@esbuild/linux-ppc64/-/linux-ppc64-0.16.12.tgz#b033a248212249c05c162b64124744345a041f92"
  integrity sha512-/C8OFXExoMmvTDIOAM54AhtmmuDHKoedUd0Otpfw3+AuuVGemA1nQK99oN909uZbLEU6Bi+7JheFMG3xGfZluQ==

"@esbuild/linux-riscv64@0.16.12":
  version "0.16.12"
  resolved "https://registry.yarnpkg.com/@esbuild/linux-riscv64/-/linux-riscv64-0.16.12.tgz#b6476abff413b5b472e6cf093086b9d5be4553a8"
  integrity sha512-qeouyyc8kAGV6Ni6Isz8hUsKMr00EHgVwUKWNp1r4l88fHEoNTDB8mmestvykW6MrstoGI7g2EAsgr0nxmuGYg==

"@esbuild/linux-s390x@0.16.12":
  version "0.16.12"
  resolved "https://registry.yarnpkg.com/@esbuild/linux-s390x/-/linux-s390x-0.16.12.tgz#981a639f8c2a2e0646f47eba0fae7c2c270b208b"
  integrity sha512-s9AyI/5vz1U4NNqnacEGFElqwnHusWa81pskAf8JNDM2eb6b2E6PpBmT8RzeZv6/TxE6/TADn2g9bb0jOUmXwQ==

"@esbuild/linux-x64@0.16.12":
  version "0.16.12"
  resolved "https://registry.yarnpkg.com/@esbuild/linux-x64/-/linux-x64-0.16.12.tgz#01b777229d8baf068eeeb7cd7c396aea4d1ebd36"
  integrity sha512-e8YA7GQGLWhvakBecLptUiKxOk4E/EPtSckS1i0MGYctW8ouvNUoh7xnU15PGO2jz7BYl8q1R6g0gE5HFtzpqQ==

"@esbuild/netbsd-x64@0.16.12":
  version "0.16.12"
  resolved "https://registry.yarnpkg.com/@esbuild/netbsd-x64/-/netbsd-x64-0.16.12.tgz#6d4b9de7dc3ac99bf04653fe640b3be63c57b1aa"
  integrity sha512-z2+kUxmOqBS+6SRVd57iOLIHE8oGOoEnGVAmwjm2aENSP35HPS+5cK+FL1l+rhrsJOFIPrNHqDUNechpuG96Sg==

"@esbuild/openbsd-x64@0.16.12":
  version "0.16.12"
  resolved "https://registry.yarnpkg.com/@esbuild/openbsd-x64/-/openbsd-x64-0.16.12.tgz#2a28010b1848466586d5e2189e9f1b8334b65708"
  integrity sha512-PAonw4LqIybwn2/vJujhbg1N9W2W8lw9RtXIvvZoyzoA/4rA4CpiuahVbASmQohiytRsixbNoIOUSjRygKXpyA==

"@esbuild/sunos-x64@0.16.12":
  version "0.16.12"
  resolved "https://registry.yarnpkg.com/@esbuild/sunos-x64/-/sunos-x64-0.16.12.tgz#3ee120008cc759d604825dd25501152071ef30f0"
  integrity sha512-+wr1tkt1RERi+Zi/iQtkzmMH4nS8+7UIRxjcyRz7lur84wCkAITT50Olq/HiT4JN2X2bjtlOV6vt7ptW5Gw60Q==

"@esbuild/win32-arm64@0.16.12":
  version "0.16.12"
  resolved "https://registry.yarnpkg.com/@esbuild/win32-arm64/-/win32-arm64-0.16.12.tgz#8c599a91f1c55b3df304c450ac0613855c10502e"
  integrity sha512-XEjeUSHmjsAOJk8+pXJu9pFY2O5KKQbHXZWQylJzQuIBeiGrpMeq9sTVrHefHxMOyxUgoKQTcaTS+VK/K5SviA==

"@esbuild/win32-ia32@0.16.12":
  version "0.16.12"
  resolved "https://registry.yarnpkg.com/@esbuild/win32-ia32/-/win32-ia32-0.16.12.tgz#102b5a44b514f8849a10cc4cc618c60c70a4c536"
  integrity sha512-eRKPM7e0IecUAUYr2alW7JGDejrFJXmpjt4MlfonmQ5Rz9HWpKFGCjuuIRgKO7W9C/CWVFXdJ2GjddsBXqQI4A==

"@esbuild/win32-x64@0.16.12":
  version "0.16.12"
  resolved "https://registry.yarnpkg.com/@esbuild/win32-x64/-/win32-x64-0.16.12.tgz#31197bb509049b63c059c4808ac58e66fdff7479"
  integrity sha512-iPYKN78t3op2+erv2frW568j1q0RpqX6JOLZ7oPPaAV1VaF7dDstOrNw37PVOYoTWE11pV4A1XUitpdEFNIsPg==

"@figma/plugin-typings@*":
  version "1.57.1"
  resolved "https://registry.yarnpkg.com/@figma/plugin-typings/-/plugin-typings-1.57.1.tgz#85d3881f6a002df5f72620cd0a04816a03853341"
  integrity sha512-kwiuApuqgkIPbFKey459VspenqXlBcBoMTnTZdQ/Hk2N71BTOZ0cM5Xq3zbPW/bEQOYtGDpweWxcXYHLo19HxQ==

"@ideditor/country-coder@^5.0.3":
  version "5.1.0"
  resolved "https://registry.yarnpkg.com/@ideditor/country-coder/-/country-coder-5.1.0.tgz#5bab755330ced58ebe0333a703101704debf06a1"
  integrity sha512-fiWZRn0HMNfo73lNBOiiG2gwAlHUUDvRSLOUIb/XHMQTDgq98OpmYzymZFUZUDOtVIh3psLa/Q0DoXZNgOva+Q==
  dependencies:
    which-polygon "^2.2.0"

"@ideditor/country-coder@~5.0.3":
  version "5.0.4"
  resolved "https://registry.yarnpkg.com/@ideditor/country-coder/-/country-coder-5.0.4.tgz#837cbfd1940fcdf6af3ba63c25253a11fbde60f9"
  integrity sha512-MkmFGKWksVzRLjpthO8NLQYrUOdda1itR0VrzSN3eFYcBOzA1fvTVEUqt0it3cDQQtyGbNx6TloQZz8FFC4L9A==
  dependencies:
    which-polygon "^2.2.0"

"@ideditor/location-conflation@~1.0.2":
  version "1.0.2"
  resolved "https://registry.yarnpkg.com/@ideditor/location-conflation/-/location-conflation-1.0.2.tgz#3ae420dc572d4227a1f439e9d258f998c79feb74"
  integrity sha512-6WzMgjapiIiYKPVFK70zQ4qqesM6OCA3hmP9/FvT3odrBZWsHf+cTeNiZYDew2A4KV+WAJAaDW6dMlaHWgDL/A==
  dependencies:
    "@aitodotai/json-stringify-pretty-compact" "^1.3.0"
    "@ideditor/country-coder" "^5.0.3"
    "@mapbox/geojson-area" "^0.2.2"
    circle-to-polygon "^2.0.2"
    geojson-precision "^1.0.0"
    polygon-clipping "~0.15.3"

"@mapbox/geojson-area@^0.2.2":
  version "0.2.2"
  resolved "https://registry.yarnpkg.com/@mapbox/geojson-area/-/geojson-area-0.2.2.tgz#18d7814aa36bf23fbbcc379f8e26a22927debf10"
  integrity sha512-bBqqFn1kIbLBfn7Yq1PzzwVkPYQr9lVUeT8Dhd0NL5n76PBuXzOcuLV7GOSbEB1ia8qWxH4COCvFpziEu/yReA==
  dependencies:
    wgs84 "0.0.0"

"@mapbox/point-geometry@~0.1.0":
  version "0.1.0"
  resolved "https://registry.yarnpkg.com/@mapbox/point-geometry/-/point-geometry-0.1.0.tgz#8a83f9335c7860effa2eeeca254332aa0aeed8f2"
  integrity sha512-6j56HdLTwWGO0fJPlrZtdU/B13q8Uwmo18Ck2GnGgN9PCFyKTZ3UbXeEdRFh18i9XQ92eH2VdtpJHpBD3aripQ==

"@mapbox/sexagesimal@1.2.0":
  version "1.2.0"
  resolved "https://registry.yarnpkg.com/@mapbox/sexagesimal/-/sexagesimal-1.2.0.tgz#507dfb8fbb3843690bbb93be382e58943dab3c8e"
  integrity sha512-+C3+Azc4ObH2qmDYvg9MC+vvlGVfwB1BZNX8jt4XehJjfDGXwlElqJ6PS9BtgLHSjdinEoZTNanTG/WTc+dpRA==

"@mapbox/vector-tile@^1.3.1":
  version "1.3.1"
  resolved "https://registry.yarnpkg.com/@mapbox/vector-tile/-/vector-tile-1.3.1.tgz#d3a74c90402d06e89ec66de49ec817ff53409666"
  integrity sha512-MCEddb8u44/xfQ3oD+Srl/tNcQoqTw3goGk2oLsrFxOTc3dUp+kAnby3PvAeeBYSMSjSPD1nd1AJA6W49WnoUw==
  dependencies:
    "@mapbox/point-geometry" "~0.1.0"

"@tmcw/togeojson@^5.2.1":
  version "5.5.0"
  resolved "https://registry.yarnpkg.com/@tmcw/togeojson/-/togeojson-5.5.0.tgz#874081d1b3df1e51a6c5e878dd8f4cdf06a3ac48"
  integrity sha512-K/neYsnwGkC1sjI0UInSyuxybPsBPXZF+g18l7XtzW37Jfzzcw4YjMd/rnqP5QRONtjuvGN6nGeCemKfeWkPGg==

"@turf/bbox-clip@^6.0.0":
  version "6.5.0"
  resolved "https://registry.yarnpkg.com/@turf/bbox-clip/-/bbox-clip-6.5.0.tgz#8e07d51ef8c875f9490d5c8699a2e51918587c94"
  integrity sha512-F6PaIRF8WMp8EmgU/Ke5B1Y6/pia14UAYB5TiBC668w5rVVjy5L8rTm/m2lEkkDMHlzoP9vNY4pxpNthE7rLcQ==
  dependencies:
    "@turf/helpers" "^6.5.0"
    "@turf/invariant" "^6.5.0"

"@turf/bbox@^6.0.0":
  version "6.5.0"
  resolved "https://registry.yarnpkg.com/@turf/bbox/-/bbox-6.5.0.tgz#bec30a744019eae420dac9ea46fb75caa44d8dc5"
  integrity sha512-RBbLaao5hXTYyyg577iuMtDB8ehxMlUqHEJiMs8jT1GHkFhr6sYre3lmLsPeYEi/ZKj5TP5tt7fkzNdJ4GIVyw==
  dependencies:
    "@turf/helpers" "^6.5.0"
    "@turf/meta" "^6.5.0"

"@turf/helpers@^6.5.0":
  version "6.5.0"
  resolved "https://registry.yarnpkg.com/@turf/helpers/-/helpers-6.5.0.tgz#f79af094bd6b8ce7ed2bd3e089a8493ee6cae82e"
  integrity sha512-VbI1dV5bLFzohYYdgqwikdMVpe7pJ9X3E+dlr425wa2/sMJqYDhTO++ec38/pcPvPE6oD9WEEeU3Xu3gza+VPw==

"@turf/invariant@^6.5.0":
  version "6.5.0"
  resolved "https://registry.yarnpkg.com/@turf/invariant/-/invariant-6.5.0.tgz#970afc988023e39c7ccab2341bd06979ddc7463f"
  integrity sha512-Wv8PRNCtPD31UVbdJE/KVAWKe7l6US+lJItRR/HOEW3eh+U/JwRCSUl/KZ7bmjM/C+zLNoreM2TU6OoLACs4eg==
  dependencies:
    "@turf/helpers" "^6.5.0"

"@turf/meta@^6.5.0":
  version "6.5.0"
  resolved "https://registry.yarnpkg.com/@turf/meta/-/meta-6.5.0.tgz#b725c3653c9f432133eaa04d3421f7e51e0418ca"
  integrity sha512-RrArvtsV0vdsCBegoBtOalgdSOfkBrTJ07VkpiCnq/491W67hnMWmDu7e6Ztw0C3WldRYTXkg3SumfdzZxLBHA==
  dependencies:
    "@turf/helpers" "^6.5.0"

abortcontroller-polyfill@^1.4.0:
  version "1.7.5"
  resolved "https://registry.yarnpkg.com/abortcontroller-polyfill/-/abortcontroller-polyfill-1.7.5.tgz#6738495f4e901fbb57b6c0611d0c75f76c485bed"
  integrity sha512-JMJ5soJWP18htbbxJjG7bG6yuI6pRhgJ0scHHTfkUjf6wjP912xZWvM+A4sJK3gqd9E8fcPbDnOefbA9Th/FIQ==

aes-js@^3.1.2:
  version "3.1.2"
  resolved "https://registry.yarnpkg.com/aes-js/-/aes-js-3.1.2.tgz#db9aabde85d5caabbfc0d4f2a4446960f627146a"
  integrity sha512-e5pEa2kBnBOgR4Y/p20pskXI74UEz7de8ZGVo58asOtvSVG5YAbJeELPZxOmt+Bnz3rX753YKhfIn4X4l1PPRQ==

alif-toolkit@^1.2.9:
  version "1.2.9"
  resolved "https://registry.yarnpkg.com/alif-toolkit/-/alif-toolkit-1.2.9.tgz#60d9a892a3d7b5d7394e1318ef931ecbba1537b1"
  integrity sha512-j++XV1TyQP1n5i7ir1FgBcIBCkWhbu3xX8p2ttQV78iRscEwbSjbipRAU413pG2Ip+dy3ehy/+5ZFDGeOvrYPQ==

circle-to-polygon@^2.0.2:
  version "2.2.0"
  resolved "https://registry.yarnpkg.com/circle-to-polygon/-/circle-to-polygon-2.2.0.tgz#ca4aec7b0536510fc99bf3e1dcef1d53a504a04e"
  integrity sha512-yC9/bw6P0YmV2/oxm4DLrSgrzHhbz9H+vgUScmSFN5KilR/KFGVRbUi9a0mIYPsXK44HvnysVVi/iIysRJVvNw==

commander@2.19.0:
  version "2.19.0"
  resolved "https://registry.yarnpkg.com/commander/-/commander-2.19.0.tgz#f6198aa84e5b83c46054b94ddedbfed5ee9ff12a"
  integrity sha512-6tvAOO+D6OENvRAh524Dh9jcfKTYDQAqvqezbCW82xj5X0pSrcpxtvRKHLG0yBY6SD7PSDrJaj+0AiOcKVd1Xg==

commander@7:
  version "7.2.0"
  resolved "https://registry.yarnpkg.com/commander/-/commander-7.2.0.tgz#a36cb57d0b501ce108e4d20559a150a391d97ab7"
  integrity sha512-QrWXB+ZQSVPmIWIhtEO9H+gwHaMGYiF5ChvoJ+K9ZGHG/sVsa6yiesAD1GC/x46sET00Xlwo1u49RVVVzvcSkw==

core-js-bundle@^3.19.0:
  version "3.27.0"
  resolved "https://registry.yarnpkg.com/core-js-bundle/-/core-js-bundle-3.27.0.tgz#9021912caa3576ef6e430061ee512110f513eae8"
  integrity sha512-4HoFM3n7rR38wknTDxxfQNwzbgMJFuR72dSCbWFCB3If+s2MuFQIDZdgNThKR0Q4jMTX4kUe/Rj0dyubIV16sA==

"d3-array@2 - 3", "d3-array@2.10.0 - 3", "d3-array@2.5.0 - 3", d3-array@3, d3-array@^3.2.0:
  version "3.2.1"
  resolved "https://registry.yarnpkg.com/d3-array/-/d3-array-3.2.1.tgz#39331ea706f5709417d31bbb6ec152e0328b39b3"
  integrity sha512-gUY/qeHq/yNqqoCKNq4vtpFLdoCdvyNpWoC/KNjhGbhDuQpAM9sIQQKkXSNpXa9h5KySs/gzm7R88WkUutgwWQ==
  dependencies:
    internmap "1 - 2"

d3-axis@3:
  version "3.0.0"
  resolved "https://registry.yarnpkg.com/d3-axis/-/d3-axis-3.0.0.tgz#c42a4a13e8131d637b745fc2973824cfeaf93322"
  integrity sha512-IH5tgjV4jE/GhHkRV0HiVYPDtvfjHQlQfJHs0usq7M30XcSBvOotpmH1IgkcXsO/5gEQZD43B//fc7SRT5S+xw==

d3-brush@3:
  version "3.0.0"
  resolved "https://registry.yarnpkg.com/d3-brush/-/d3-brush-3.0.0.tgz#6f767c4ed8dcb79de7ede3e1c0f89e63ef64d31c"
  integrity sha512-ALnjWlVYkXsVIGlOsuWH1+3udkYFI48Ljihfnh8FZPF2QS9o+PzGLBslO0PjzVoHLZ2KCVgAM8NVkXPJB2aNnQ==
  dependencies:
    d3-dispatch "1 - 3"
    d3-drag "2 - 3"
    d3-interpolate "1 - 3"
    d3-selection "3"
    d3-transition "3"

d3-chord@3:
  version "3.0.1"
  resolved "https://registry.yarnpkg.com/d3-chord/-/d3-chord-3.0.1.tgz#d156d61f485fce8327e6abf339cb41d8cbba6966"
  integrity sha512-VE5S6TNa+j8msksl7HwjxMHDM2yNK3XCkusIlpX5kwauBfXuyLAtNg9jCp/iHH61tgI4sb6R/EIMWCqEIdjT/g==
  dependencies:
    d3-path "1 - 3"

"d3-color@1 - 3", d3-color@3:
  version "3.1.0"
  resolved "https://registry.yarnpkg.com/d3-color/-/d3-color-3.1.0.tgz#395b2833dfac71507f12ac2f7af23bf819de24e2"
  integrity sha512-zg/chbXyeBtMQ1LbD/WSoW2DpC3I0mpmPdW+ynRTj/x2DAWYrIY7qeZIHidozwV24m4iavr15lNwIwLxRmOxhA==

d3-contour@4:
  version "4.0.0"
  resolved "https://registry.yarnpkg.com/d3-contour/-/d3-contour-4.0.0.tgz#5a1337c6da0d528479acdb5db54bc81a0ff2ec6b"
  integrity sha512-7aQo0QHUTu/Ko3cP9YK9yUTxtoDEiDGwnBHyLxG5M4vqlBkO/uixMRele3nfsfj6UXOcuReVpVXzAboGraYIJw==
  dependencies:
    d3-array "^3.2.0"

d3-delaunay@6:
  version "6.0.2"
  resolved "https://registry.yarnpkg.com/d3-delaunay/-/d3-delaunay-6.0.2.tgz#7fd3717ad0eade2fc9939f4260acfb503f984e92"
  integrity sha512-IMLNldruDQScrcfT+MWnazhHbDJhcRJyOEBAJfwQnHle1RPh6WDuLvxNArUju2VSMSUuKlY5BGHRJ2cYyoFLQQ==
  dependencies:
    delaunator "5"

"d3-dispatch@1 - 3", d3-dispatch@3, d3-dispatch@^3.0.1:
  version "3.0.1"
  resolved "https://registry.yarnpkg.com/d3-dispatch/-/d3-dispatch-3.0.1.tgz#5fc75284e9c2375c36c839411a0cf550cbfc4d5e"
  integrity sha512-rzUyPU/S7rwUflMyLc1ETDeBj0NRuHKKAcvukozwhshr6g6c5d8zh4c2gQjY2bZ0dXeGLWc1PF174P2tVvKhfg==

"d3-drag@2 - 3", d3-drag@3:
  version "3.0.0"
  resolved "https://registry.yarnpkg.com/d3-drag/-/d3-drag-3.0.0.tgz#994aae9cd23c719f53b5e10e3a0a6108c69607ba"
  integrity sha512-pWbUJLdETVA8lQNJecMxoXfH6x+mO2UQo8rSmZ+QqxcbyA3hfeprFgIT//HW2nlHChWeIIMwS2Fq+gEARkhTkg==
  dependencies:
    d3-dispatch "1 - 3"
    d3-selection "3"

"d3-dsv@1 - 3", d3-dsv@3:
  version "3.0.1"
  resolved "https://registry.yarnpkg.com/d3-dsv/-/d3-dsv-3.0.1.tgz#c63af978f4d6a0d084a52a673922be2160789b73"
  integrity sha512-UG6OvdI5afDIFP9w4G0mNq50dSOsXHJaRE8arAS5o9ApWnIElp8GZw1Dun8vP8OyHOZ/QJUKUJwxiiCCnUwm+Q==
  dependencies:
    commander "7"
    iconv-lite "0.6"
    rw "1"

"d3-ease@1 - 3", d3-ease@3:
  version "3.0.1"
  resolved "https://registry.yarnpkg.com/d3-ease/-/d3-ease-3.0.1.tgz#9658ac38a2140d59d346160f1f6c30fda0bd12f4"
  integrity sha512-wR/XK3D3XcLIZwpbvQwQ5fK+8Ykds1ip7A2Txe0yxncXSdq1L9skcG7blcedkOX+ZcgxGAmLX1FrRGbADwzi0w==

d3-fetch@3:
  version "3.0.1"
  resolved "https://registry.yarnpkg.com/d3-fetch/-/d3-fetch-3.0.1.tgz#83141bff9856a0edb5e38de89cdcfe63d0a60a22"
  integrity sha512-kpkQIM20n3oLVBKGg6oHrUchHM3xODkTzjMoj7aWQFq5QEM+R6E4WkzT5+tojDY7yjez8KgCBRoj4aEr99Fdqw==
  dependencies:
    d3-dsv "1 - 3"

d3-force@3:
  version "3.0.0"
  resolved "https://registry.yarnpkg.com/d3-force/-/d3-force-3.0.0.tgz#3e2ba1a61e70888fe3d9194e30d6d14eece155c4"
  integrity sha512-zxV/SsA+U4yte8051P4ECydjD/S+qeYtnaIyAs9tgHCqfguma/aAQDjo85A9Z6EKhBirHRJHXIgJUlffT4wdLg==
  dependencies:
    d3-dispatch "1 - 3"
    d3-quadtree "1 - 3"
    d3-timer "1 - 3"

"d3-format@1 - 3", d3-format@3:
  version "3.1.0"
  resolved "https://registry.yarnpkg.com/d3-format/-/d3-format-3.1.0.tgz#9260e23a28ea5cb109e93b21a06e24e2ebd55641"
  integrity sha512-YyUI6AEuY/Wpt8KWLgZHsIU86atmikuoOmCfommt0LYHiQSPjvX2AcFc38PX0CBpr2RCyZhjex+NS/LPOv6YqA==

d3-geo@3:
  version "3.1.0"
  resolved "https://registry.yarnpkg.com/d3-geo/-/d3-geo-3.1.0.tgz#74fd54e1f4cebd5185ac2039217a98d39b0a4c0e"
  integrity sha512-JEo5HxXDdDYXCaWdwLRt79y7giK8SbhZJbFWXqbRTolCHFI5jRqteLzCsq51NKbUoX0PjBVSohxrx+NoOUujYA==
  dependencies:
    d3-array "2.5.0 - 3"

d3-hierarchy@3:
  version "3.1.2"
  resolved "https://registry.yarnpkg.com/d3-hierarchy/-/d3-hierarchy-3.1.2.tgz#b01cd42c1eed3d46db77a5966cf726f8c09160c6"
  integrity sha512-FX/9frcub54beBdugHjDCdikxThEqjnR93Qt7PvQTOHxyiNCAlvMrHhclk3cD5VeAaq9fxmfRp+CnWw9rEMBuA==

"d3-interpolate@1 - 3", "d3-interpolate@1.2.0 - 3", d3-interpolate@3:
  version "3.0.1"
  resolved "https://registry.yarnpkg.com/d3-interpolate/-/d3-interpolate-3.0.1.tgz#3c47aa5b32c5b3dfb56ef3fd4342078a632b400d"
  integrity sha512-3bYs1rOD33uo8aqJfKP3JWPAibgw8Zm2+L9vBKEHJ2Rg+viTR7o5Mmv5mZcieN+FRYaAOWX5SJATX6k1PWz72g==
  dependencies:
    d3-color "1 - 3"

"d3-path@1 - 3", d3-path@3, d3-path@^3.1.0:
  version "3.1.0"
  resolved "https://registry.yarnpkg.com/d3-path/-/d3-path-3.1.0.tgz#22df939032fb5a71ae8b1800d61ddb7851c42526"
  integrity sha512-p3KP5HCf/bvjBSSKuXid6Zqijx7wIfNW+J/maPs+iwR35at5JCbLUT0LzF1cnjbCHWhqzQTIN2Jpe8pRebIEFQ==

d3-polygon@3:
  version "3.0.1"
  resolved "https://registry.yarnpkg.com/d3-polygon/-/d3-polygon-3.0.1.tgz#0b45d3dd1c48a29c8e057e6135693ec80bf16398"
  integrity sha512-3vbA7vXYwfe1SYhED++fPUQlWSYTTGmFmQiany/gdbiWgU/iEyQzyymwL9SkJjFFuCS4902BSzewVGsHHmHtXg==

"d3-quadtree@1 - 3", d3-quadtree@3:
  version "3.0.1"
  resolved "https://registry.yarnpkg.com/d3-quadtree/-/d3-quadtree-3.0.1.tgz#6dca3e8be2b393c9a9d514dabbd80a92deef1a4f"
  integrity sha512-04xDrxQTDTCFwP5H6hRhsRcb9xxv2RzkcsygFzmkSIOJy3PeRJP7sNk3VRIbKXcog561P9oU0/rVH6vDROAgUw==

d3-random@3:
  version "3.0.1"
  resolved "https://registry.yarnpkg.com/d3-random/-/d3-random-3.0.1.tgz#d4926378d333d9c0bfd1e6fa0194d30aebaa20f4"
  integrity sha512-FXMe9GfxTxqd5D6jFsQ+DJ8BJS4E/fT5mqqdjovykEB2oFbTMDVdg1MGFxfQW+FBOGoB++k8swBrgwSHT1cUXQ==

d3-scale-chromatic@3:
  version "3.0.0"
  resolved "https://registry.yarnpkg.com/d3-scale-chromatic/-/d3-scale-chromatic-3.0.0.tgz#15b4ceb8ca2bb0dcb6d1a641ee03d59c3b62376a"
  integrity sha512-Lx9thtxAKrO2Pq6OO2Ua474opeziKr279P/TKZsMAhYyNDD3EnCffdbgeSYN5O7m2ByQsxtuP2CSDczNUIZ22g==
  dependencies:
    d3-color "1 - 3"
    d3-interpolate "1 - 3"

d3-scale@4:
  version "4.0.2"
  resolved "https://registry.yarnpkg.com/d3-scale/-/d3-scale-4.0.2.tgz#82b38e8e8ff7080764f8dcec77bd4be393689396"
  integrity sha512-GZW464g1SH7ag3Y7hXjf8RoUuAFIqklOAq3MRl4OaWabTFJY9PN/E1YklhXLh+OQ3fM9yS2nOkCoS+WLZ6kvxQ==
  dependencies:
    d3-array "2.10.0 - 3"
    d3-format "1 - 3"
    d3-interpolate "1.2.0 - 3"
    d3-time "2.1.1 - 3"
    d3-time-format "2 - 4"

"d3-selection@2 - 3", d3-selection@3, d3-selection@^3.0.0:
  version "3.0.0"
  resolved "https://registry.yarnpkg.com/d3-selection/-/d3-selection-3.0.0.tgz#c25338207efa72cc5b9bd1458a1a41901f1e1b31"
  integrity sha512-fmTRWbNMmsmWq6xJV8D19U/gw/bwrHfNXxrIN+HfZgnzqTHp9jOmKMhsTUjXOJnZOdZY9Q28y4yebKzqDKlxlQ==

d3-shape@3:
  version "3.2.0"
  resolved "https://registry.yarnpkg.com/d3-shape/-/d3-shape-3.2.0.tgz#a1a839cbd9ba45f28674c69d7f855bcf91dfc6a5"
  integrity sha512-SaLBuwGm3MOViRq2ABk3eLoxwZELpH6zhl3FbAoJ7Vm1gofKx6El1Ib5z23NUEhF9AsGl7y+dzLe5Cw2AArGTA==
  dependencies:
    d3-path "^3.1.0"

"d3-time-format@2 - 4", d3-time-format@4:
  version "4.1.0"
  resolved "https://registry.yarnpkg.com/d3-time-format/-/d3-time-format-4.1.0.tgz#7ab5257a5041d11ecb4fe70a5c7d16a195bb408a"
  integrity sha512-dJxPBlzC7NugB2PDLwo9Q8JiTR3M3e4/XANkreKSUxF8vvXKqm1Yfq4Q5dl8budlunRVlUUaDUgFt7eA8D6NLg==
  dependencies:
    d3-time "1 - 3"

"d3-time@1 - 3", "d3-time@2.1.1 - 3", d3-time@3:
  version "3.1.0"
  resolved "https://registry.yarnpkg.com/d3-time/-/d3-time-3.1.0.tgz#9310db56e992e3c0175e1ef385e545e48a9bb5c7"
  integrity sha512-VqKjzBLejbSMT4IgbmVgDjpkYrNWUYJnbCGo874u7MMKIWsILRX+OpX/gTk8MqjpT1A/c6HY2dCA77ZN0lkQ2Q==
  dependencies:
    d3-array "2 - 3"

"d3-timer@1 - 3", d3-timer@3:
  version "3.0.1"
  resolved "https://registry.yarnpkg.com/d3-timer/-/d3-timer-3.0.1.tgz#6284d2a2708285b1abb7e201eda4380af35e63b0"
  integrity sha512-ndfJ/JxxMd3nw31uyKoY2naivF+r29V+Lc0svZxe1JvvIRmi8hUsrMvdOwgS1o6uBHmiz91geQ0ylPP0aj1VUA==

"d3-transition@2 - 3", d3-transition@3:
  version "3.0.1"
  resolved "https://registry.yarnpkg.com/d3-transition/-/d3-transition-3.0.1.tgz#6869fdde1448868077fdd5989200cb61b2a1645f"
  integrity sha512-ApKvfjsSR6tg06xrL434C0WydLr7JewBB3V+/39RMHsaXTOG0zmt/OAXeng5M5LBm0ojmxJrpomQVZ1aPvBL4w==
  dependencies:
    d3-color "1 - 3"
    d3-dispatch "1 - 3"
    d3-ease "1 - 3"
    d3-interpolate "1 - 3"
    d3-timer "1 - 3"

d3-zoom@3, d3-zoom@^3.0.0:
  version "3.0.0"
  resolved "https://registry.yarnpkg.com/d3-zoom/-/d3-zoom-3.0.0.tgz#d13f4165c73217ffeaa54295cd6969b3e7aee8f3"
  integrity sha512-b8AmV3kfQaqWAuacbPuNbL6vahnOJflOhexLzMMNLga62+/nh0JzvJ0aO/5a5MVgUFGS7Hu1P9P03o3fJkDCyw==
  dependencies:
    d3-dispatch "1 - 3"
    d3-drag "2 - 3"
    d3-interpolate "1 - 3"
    d3-selection "2 - 3"
    d3-transition "2 - 3"

d3@^7.8.0:
  version "7.8.0"
  resolved "https://registry.yarnpkg.com/d3/-/d3-7.8.0.tgz#c9441f0ea9266b1003a97c2ffd53e79e9e14b1fc"
  integrity sha512-a5rNemRadWkEfqnY5NsD4RdCP9vn8EIJ4I5Rl14U0uKH1SXqcNmk/h9aGaAF1O98lz6L9M0IeUcuPa9GUYbI5A==
  dependencies:
    d3-array "3"
    d3-axis "3"
    d3-brush "3"
    d3-chord "3"
    d3-color "3"
    d3-contour "4"
    d3-delaunay "6"
    d3-dispatch "3"
    d3-drag "3"
    d3-dsv "3"
    d3-ease "3"
    d3-fetch "3"
    d3-force "3"
    d3-format "3"
    d3-geo "3"
    d3-hierarchy "3"
    d3-interpolate "3"
    d3-path "3"
    d3-polygon "3"
    d3-quadtree "3"
    d3-random "3"
    d3-scale "4"
    d3-scale-chromatic "3"
    d3-selection "3"
    d3-shape "3"
    d3-time "3"
    d3-time-format "4"
    d3-timer "3"
    d3-transition "3"
    d3-zoom "3"

delaunator@5:
  version "5.0.0"
  resolved "https://registry.yarnpkg.com/delaunator/-/delaunator-5.0.0.tgz#60f052b28bd91c9b4566850ebf7756efe821d81b"
  integrity sha512-AyLvtyJdbv/U1GkiS6gUUzclRoAY4Gs75qkMygJJhU75LW4DNuSF2RMzpxs9jw9Oz1BobHjTdkG3zdP55VxAqw==
  dependencies:
    robust-predicates "^3.0.0"

diacritics@1.3.0, diacritics@^1.3.0:
  version "1.3.0"
  resolved "https://registry.yarnpkg.com/diacritics/-/diacritics-1.3.0.tgz#3efa87323ebb863e6696cebb0082d48ff3d6f7a1"
  integrity sha512-wlwEkqcsaxvPJML+rDh/2iS824jbREk6DUMUKkEaSlxdYHeS43cClJtsWglvw2RfeXGm6ohKDqsXteJ5sP5enA==

esbuild@^0.16.12:
  version "0.16.12"
  resolved "https://registry.yarnpkg.com/esbuild/-/esbuild-0.16.12.tgz#60850b9ad2f103f1c4316be42c34d5023f27378d"
  integrity sha512-eq5KcuXajf2OmivCl4e89AD3j8fbV+UTE9vczEzq5haA07U9oOTzBWlh3+6ZdjJR7Rz2QfWZ2uxZyhZxBgJ4+g==
  optionalDependencies:
    "@esbuild/android-arm" "0.16.12"
    "@esbuild/android-arm64" "0.16.12"
    "@esbuild/android-x64" "0.16.12"
    "@esbuild/darwin-arm64" "0.16.12"
    "@esbuild/darwin-x64" "0.16.12"
    "@esbuild/freebsd-arm64" "0.16.12"
    "@esbuild/freebsd-x64" "0.16.12"
    "@esbuild/linux-arm" "0.16.12"
    "@esbuild/linux-arm64" "0.16.12"
    "@esbuild/linux-ia32" "0.16.12"
    "@esbuild/linux-loong64" "0.16.12"
    "@esbuild/linux-mips64el" "0.16.12"
    "@esbuild/linux-ppc64" "0.16.12"
    "@esbuild/linux-riscv64" "0.16.12"
    "@esbuild/linux-s390x" "0.16.12"
    "@esbuild/linux-x64" "0.16.12"
    "@esbuild/netbsd-x64" "0.16.12"
    "@esbuild/openbsd-x64" "0.16.12"
    "@esbuild/sunos-x64" "0.16.12"
    "@esbuild/win32-arm64" "0.16.12"
    "@esbuild/win32-ia32" "0.16.12"
    "@esbuild/win32-x64" "0.16.12"

fast-deep-equal@~3.1.1:
  version "3.1.3"
  resolved "https://registry.yarnpkg.com/fast-deep-equal/-/fast-deep-equal-3.1.3.tgz#3a7d56b559d6cbc3eb512325244e619a65c6c525"
  integrity sha512-f3qQ9oQy9j2AhBe/H9VC91wLmKBCCU/gDOnKNAYG5hswO7BLKj09Hc5HYNz9cGI++xlpDCIgDaitVs03ATR84Q==

fast-json-stable-stringify@2.1.0:
  version "2.1.0"
  resolved "https://registry.yarnpkg.com/fast-json-stable-stringify/-/fast-json-stable-stringify-2.1.0.tgz#874bf69c6f404c2b5d99c481341399fd55892633"
  integrity sha512-lhd/wF+Lk98HZoTCtlVraHtfh5XYijIjalXck7saUtuanSDyLMxnHhSXEDJqHxD7msR8D0uCmqlkwjCV8xvwHw==

geojson-precision@^1.0.0:
  version "1.0.0"
  resolved "https://registry.yarnpkg.com/geojson-precision/-/geojson-precision-1.0.0.tgz#d2b6bac521ccfda190ba92b2b09591079c83da9a"
  integrity sha512-lXK9eCxhZQnZSMtz+xcy16H6In9oGbtYg0A92elUX13QtdrIsngrU2w9ZjkKB2GY1TDIJJ22elzcgRAEmyFoXQ==
  dependencies:
    commander "2.19.0"

"iD@https://github.com/openstreetmap/iD/archive/refs/tags/v2.23.2.tar.gz":
  version "2.23.2"
  resolved "https://github.com/openstreetmap/iD/archive/refs/tags/v2.23.2.tar.gz#b381cbe9a35c149e44fbfef695fa27b0a2d89a73"
  dependencies:
    "@ideditor/country-coder" "~5.0.3"
    "@ideditor/location-conflation" "~1.0.2"
    "@mapbox/geojson-area" "^0.2.2"
    "@mapbox/sexagesimal" "1.2.0"
    "@mapbox/vector-tile" "^1.3.1"
    "@tmcw/togeojson" "^5.2.1"
    "@turf/bbox" "^6.0.0"
    "@turf/bbox-clip" "^6.0.0"
    abortcontroller-polyfill "^1.4.0"
    aes-js "^3.1.2"
    alif-toolkit "^1.2.9"
    core-js-bundle "^3.19.0"
    diacritics "1.3.0"
    fast-deep-equal "~3.1.1"
    fast-json-stable-stringify "2.1.0"
    lodash-es "~4.17.15"
    marked "~4.2.2"
    node-diff3 "~3.1.0"
    osm-auth "~2.0.0"
    pannellum "2.5.6"
    pbf "^3.2.1"
    polygon-clipping "~0.15.1"
    rbush "3.0.1"
    whatwg-fetch "^3.4.1"
    which-polygon "2.2.0"

iconv-lite@0.6:
  version "0.6.3"
  resolved "https://registry.yarnpkg.com/iconv-lite/-/iconv-lite-0.6.3.tgz#a52f80bf38da1952eb5c681790719871a1a72501"
  integrity sha512-4fCk79wshMdzMp2rH06qWrJE4iolqLhCUH+OiuIgU++RB0+94NlDL81atO7GX55uUKueo0txHNtvEyI6D7WdMw==
  dependencies:
    safer-buffer ">= 2.1.2 < 3.0.0"

ieee754@^1.1.12:
  version "1.2.1"
  resolved "https://registry.yarnpkg.com/ieee754/-/ieee754-1.2.1.tgz#8eb7a10a63fff25d15a57b001586d177d1b0d352"
  integrity sha512-dcyqhDvX1C46lXZcVqCpK+FtMRQVdIMN6/Df5js2zouUsqG7I6sFxitIC+7KYK29KdXOLHdu9zL4sFnoVQnqaA==

"internmap@1 - 2":
  version "2.0.3"
  resolved "https://registry.yarnpkg.com/internmap/-/internmap-2.0.3.tgz#6685f23755e43c524e251d29cbc97248e3061009"
  integrity sha512-5Hh7Y1wQbvY5ooGgPbDaL5iYLAPzMTUrjMulskHLH6wnv/A+1q5rgEaiuqEjB+oxGXIVZs1FF+R/KPN3ZSQYYg==

lineclip@^1.1.5:
  version "1.1.5"
  resolved "https://registry.yarnpkg.com/lineclip/-/lineclip-1.1.5.tgz#2bf26067d94354feabf91e42768236db5616fd13"
  integrity sha512-KlA/wRSjpKl7tS9iRUdlG72oQ7qZ1IlVbVgHwoO10TBR/4gQ86uhKow6nlzMAJJhjCWKto8OeoAzzIzKSmN25A==

lodash-es@~4.17.15:
  version "4.17.21"
  resolved "https://registry.yarnpkg.com/lodash-es/-/lodash-es-4.17.21.tgz#43e626c46e6591b7750beb2b50117390c609e3ee"
  integrity sha512-mKnC+QJ9pWVzv+C4/U3rRsHapFfHvQFoFB92e52xeyGMcX6/OlIl78je1u8vePzYZSkkogMPJ2yjxxsb89cxyw==

lodash@^4.17.21:
  version "4.17.21"
  resolved "https://registry.yarnpkg.com/lodash/-/lodash-4.17.21.tgz#679591c564c3bffaae8454cf0b3df370c3d6911c"
  integrity sha512-v2kDEe57lecTulaDIuNTPy3Ry4gLGJ6Z1O3vE1krgXZNrsQ+LFTGHVxVjcXPs17LhbZVGedAJv8XZ1tvj5FvSg==

marked@~4.2.2:
  version "4.2.5"
  resolved "https://registry.yarnpkg.com/marked/-/marked-4.2.5.tgz#979813dfc1252cc123a79b71b095759a32f42a5d"
  integrity sha512-jPueVhumq7idETHkb203WDD4fMA3yV9emQ5vLwop58lu8bTclMghBWcYAavlDqIEMaisADinV1TooIFCfqOsYQ==

name-suggestion-index@^6.0.20221227:
  version "6.0.20221227"
  resolved "https://registry.yarnpkg.com/name-suggestion-index/-/name-suggestion-index-6.0.20221227.tgz#0930a3bc05644bfe5997385c3a4fe21cff6fbd98"
  integrity sha512-iZcwMOSKtqbdCSBtEhfuV1k+TM5YvWezNSCJ073jZj/OLO+Az4tJfjXtWKAwF5e1i30brdLJPmvK2uuCa824ug==
  dependencies:
    diacritics "^1.3.0"
    which-polygon "^2.2.0"

node-diff3@~3.1.0:
  version "3.1.2"
  resolved "https://registry.yarnpkg.com/node-diff3/-/node-diff3-3.1.2.tgz#49df8d821dc9cbab87bfd6182171d90169613a97"
  integrity sha512-wUd9TWy059I8mZdH6G3LPNlAEfxDvXtn/RcyFrbqL3v34WlDxn+Mh4HDhOwWuaMk/ROVepe5tTpnGHbve6Db2g==

osm-auth@~2.0.0:
  version "2.0.1"
  resolved "https://registry.yarnpkg.com/osm-auth/-/osm-auth-2.0.1.tgz#fb932d3e5999d52e88e94a5e5b216e2ad4333d57"
  integrity sha512-Uw0hpw7IVlFMqd6hW9kTS1Qah9xh85hwn1xqLgCONGKRtHZ3ZaUzg/obm7WOwheJSmSmkwfiDnPN0imZyNOSbw==
  dependencies:
    store "~2.0.12"

osm-community-index@^5.4.0:
  version "5.4.0"
  resolved "https://registry.yarnpkg.com/osm-community-index/-/osm-community-index-5.4.0.tgz#ea13e1f766054c396767f1d7d086e2d276a26abe"
  integrity sha512-ObuN0LzWYVDY3D5dhnQAX3EqBNHiXG9GQDdXTFuiSRvjCeUkrOlDkLpycXJvJAEazCOWIFOuS7Df+7wksd/wzA==
  dependencies:
    diacritics "^1.3.0"

pannellum@2.5.6:
  version "2.5.6"
  resolved "https://registry.yarnpkg.com/pannellum/-/pannellum-2.5.6.tgz#13bfec43ec272a70b729f20f70f9c34d05b25264"
  integrity sha512-R4kSPpj36wQPlyIi9ZftxPfVYF11DEbNBATUEI+pkMGZDFYBV5Jxi6tYFVDdmxA2xaTeKZQHMIuIIj7njVSTQQ==

pbf@^3.2.1:
  version "3.2.1"
  resolved "https://registry.yarnpkg.com/pbf/-/pbf-3.2.1.tgz#b4c1b9e72af966cd82c6531691115cc0409ffe2a"
  integrity sha512-ClrV7pNOn7rtmoQVF4TS1vyU0WhYRnP92fzbfF75jAIwpnzdJXf8iTd4CMEqO4yUenH6NDqLiwjqlh6QgZzgLQ==
  dependencies:
    ieee754 "^1.1.12"
    resolve-protobuf-schema "^2.1.0"

polygon-clipping@~0.15.1, polygon-clipping@~0.15.3:
  version "0.15.3"
  resolved "https://registry.yarnpkg.com/polygon-clipping/-/polygon-clipping-0.15.3.tgz#0215840438470ba2e9e6593625e4ea5c1087b4b7"
  integrity sha512-ho0Xx5DLkgxRx/+n4O74XyJ67DcyN3Tu9bGYKsnTukGAW6ssnuak6Mwcyb1wHy9MZc9xsUWqIoiazkZB5weECg==
  dependencies:
    splaytree "^3.1.0"

prettier@^2.8.1:
  version "2.8.1"
  resolved "https://registry.yarnpkg.com/prettier/-/prettier-2.8.1.tgz#4e1fd11c34e2421bc1da9aea9bd8127cd0a35efc"
  integrity sha512-lqGoSJBQNJidqCHE80vqZJHWHRFoNYsSpP9AjFhlhi9ODCJA541svILes/+/1GM3VaL/abZi7cpFzOpdR9UPKg==

protocol-buffers-schema@^3.3.1:
  version "3.6.0"
  resolved "https://registry.yarnpkg.com/protocol-buffers-schema/-/protocol-buffers-schema-3.6.0.tgz#77bc75a48b2ff142c1ad5b5b90c94cd0fa2efd03"
  integrity sha512-TdDRD+/QNdrCGCE7v8340QyuXd4kIWIgapsE2+n/SaGiSSbomYl4TjHlvIoCWRpE7wFt02EpB35VVA2ImcBVqw==

quickselect@^1.0.1:
  version "1.1.1"
  resolved "https://registry.yarnpkg.com/quickselect/-/quickselect-1.1.1.tgz#852e412ce418f237ad5b660d70cffac647ae94c2"
  integrity sha512-qN0Gqdw4c4KGPsBOQafj6yj/PA6c/L63f6CaZ/DCF/xF4Esu3jVmKLUDYxghFx8Kb/O7y9tI7x2RjTSXwdK1iQ==

quickselect@^2.0.0:
  version "2.0.0"
  resolved "https://registry.yarnpkg.com/quickselect/-/quickselect-2.0.0.tgz#f19680a486a5eefb581303e023e98faaf25dd018"
  integrity sha512-RKJ22hX8mHe3Y6wH/N3wCM6BWtjaxIyyUIkpHOvfFnxdI4yD4tBXEBKSbriGujF6jnSVkJrffuo6vxACiSSxIw==

rbush@3.0.1:
  version "3.0.1"
  resolved "https://registry.yarnpkg.com/rbush/-/rbush-3.0.1.tgz#5fafa8a79b3b9afdfe5008403a720cc1de882ecf"
  integrity sha512-XRaVO0YecOpEuIvbhbpTrZgoiI6xBlz6hnlr6EHhd+0x9ase6EmeN+hdwwUaJvLcsFFQ8iWVF1GAK1yB0BWi0w==
  dependencies:
    quickselect "^2.0.0"

rbush@^2.0.1:
  version "2.0.2"
  resolved "https://registry.yarnpkg.com/rbush/-/rbush-2.0.2.tgz#bb6005c2731b7ba1d5a9a035772927d16a614605"
  integrity sha512-XBOuALcTm+O/H8G90b6pzu6nX6v2zCKiFG4BJho8a+bY6AER6t8uQUZdi5bomQc0AprCWhEGa7ncAbbRap0bRA==
  dependencies:
    quickselect "^1.0.1"

resolve-protobuf-schema@^2.1.0:
  version "2.1.0"
  resolved "https://registry.yarnpkg.com/resolve-protobuf-schema/-/resolve-protobuf-schema-2.1.0.tgz#9ca9a9e69cf192bbdaf1006ec1973948aa4a3758"
  integrity sha512-kI5ffTiZWmJaS/huM8wZfEMer1eRd7oJQhDuxeCLe3t7N7mX3z94CN0xPxBQxFYQTSNz9T0i+v6inKqSdK8xrQ==
  dependencies:
    protocol-buffers-schema "^3.3.1"

robust-predicates@^3.0.0:
  version "3.0.1"
  resolved "https://registry.yarnpkg.com/robust-predicates/-/robust-predicates-3.0.1.tgz#ecde075044f7f30118682bd9fb3f123109577f9a"
  integrity sha512-ndEIpszUHiG4HtDsQLeIuMvRsDnn8c8rYStabochtUeCvfuvNptb5TUbVD68LRAILPX7p9nqQGh4xJgn3EHS/g==

rw@1:
  version "1.3.3"
  resolved "https://registry.yarnpkg.com/rw/-/rw-1.3.3.tgz#3f862dfa91ab766b14885ef4d01124bfda074fb4"
  integrity sha512-PdhdWy89SiZogBLaw42zdeqtRJ//zFd2PgQavcICDUgJT5oW10QCRKbJ6bg4r0/UY2M6BWd5tkxuGFRvCkgfHQ==

"safer-buffer@>= 2.1.2 < 3.0.0":
  version "2.1.2"
  resolved "https://registry.yarnpkg.com/safer-buffer/-/safer-buffer-2.1.2.tgz#44fa161b0187b9549dd84bb91802f9bd8385cd6a"
  integrity sha512-YZo3K82SD7Riyi0E1EQPojLz7kpepnSQI9IyPbHHg1XXXevb5dJI7tpyN2ADxGcQbHG7vcyRHk0cbwqcQriUtg==

splaytree@^3.1.0:
  version "3.1.1"
  resolved "https://registry.yarnpkg.com/splaytree/-/splaytree-3.1.1.tgz#e1bc8e68e64ef5a9d5f09d36e6d9f3621795a438"
  integrity sha512-9FaQ18FF0+sZc/ieEeXHt+Jw2eSpUgUtTLDYB/HXKWvhYVyOc7h1hzkn5MMO3GPib9MmXG1go8+OsBBzs/NMww==

store@~2.0.12:
  version "2.0.12"
  resolved "https://registry.yarnpkg.com/store/-/store-2.0.12.tgz#8c534e2a0b831f72b75fc5f1119857c44ef5d593"
  integrity sha512-eO9xlzDpXLiMr9W1nQ3Nfp9EzZieIQc10zPPMP5jsVV7bLOziSFFBP0XoDXACEIFtdI+rIz0NwWVA/QVJ8zJtw==

typescript@*:
  version "4.9.4"
  resolved "https://registry.yarnpkg.com/typescript/-/typescript-4.9.4.tgz#a2a3d2756c079abda241d75f149df9d561091e78"
  integrity sha512-Uz+dTXYzxXXbsFpM86Wh3dKCxrQqUcVMxwU54orwlJjOpO3ao8L7j5lH+dWfTwgCwIuM9GQ2kvVotzYJMXTBZg==

vparse@^1.1.0:
  version "1.1.0"
  resolved "https://registry.yarnpkg.com/vparse/-/vparse-1.1.0.tgz#b44351e32627faab81ac6f5cfd3b343aabeaef07"
  integrity sha512-XjzUAUOvhsGxGZD2ih9Bky+xKyNI3NPfIMf8nPWjC21pTFLwqj0/TMicmeFlYtxB/gJgyCMgJQ28xr+ARYx6sg==

wgs84@0.0.0:
  version "0.0.0"
  resolved "https://registry.yarnpkg.com/wgs84/-/wgs84-0.0.0.tgz#34fdc555917b6e57cf2a282ed043710c049cdc76"
  integrity sha512-ANHlY4Rb5kHw40D0NJ6moaVfOCMrp9Gpd1R/AIQYg2ko4/jzcJ+TVXYYF6kXJqQwITvEZP4yEthjM7U6rYlljQ==

whatwg-fetch@^3.4.1:
  version "3.6.2"
  resolved "https://registry.yarnpkg.com/whatwg-fetch/-/whatwg-fetch-3.6.2.tgz#dced24f37f2624ed0281725d51d0e2e3fe677f8c"
  integrity sha512-bJlen0FcuU/0EMLrdbJ7zOnW6ITZLrZMIarMUVmdKtsGvZna8vxKYaexICWPfZ8qwf9fzNq+UEIZrnSaApt6RA==

which-polygon@2.2.0, which-polygon@^2.2.0:
  version "2.2.0"
  resolved "https://registry.yarnpkg.com/which-polygon/-/which-polygon-2.2.0.tgz#e4741c050620e55f932b0355d30327136dc8041d"
  integrity sha512-P2+zRXPqUsTVm4moH8gm7ZTlLtOemy4+EY8elJohjJNMTNpkXLFrlI7i2zUYJD8zHopgKH5TuBmYXca3ZLtMkg==
  dependencies:
    lineclip "^1.1.5"
    rbush "^2.0.1"
